
Microsoft Visual Studio Solution File, Format Version 12.00
# Visual Studio 2013
VisualStudioVersion = 12.0.21005.1
MinimumVisualStudioVersion = 10.0.40219.1
Project("{FAE04EC0-301F-11D3-BF4B-00C04F79EFBC}") = "FoldFunction", "FoldFunction\FoldFunction.csproj", "{C6C20168-EBD4-4E82-899F-A40FD2AB19AD}"
EndProject
Project("{FAE04EC0-301F-11D3-BF4B-00C04F79EFBC}") = "FoldFunction.Test", "FoldFunction.Test\FoldFunction.Test.csproj", "{BB591997-324B-4D24-9032-8B6DDA4F048F}"
EndProject
Global
	GlobalSection(SolutionConfigurationPlatforms) = preSolution
		Debug|Any CPU = Debug|Any CPU
		Release|Any CPU = Release|Any CPU
	EndGlobalSection
	GlobalSection(ProjectConfigurationPlatforms) = postSolution
		{C6C20168-EBD4-4E82-899F-A40FD2AB19AD}.Debug|Any CPU.ActiveCfg = Debug|Any CPU
		{C6C20168-EBD4-4E82-899F-A40FD2AB19AD}.Debug|Any CPU.Build.0 = Debug|Any CPU
		{C6C20168-EBD4-4E82-899F-A40FD2AB19AD}.Release|Any CPU.ActiveCfg = Release|Any CPU
		{C6C20168-EBD4-4E82-899F-A40FD2AB19AD}.Release|Any CPU.Build.0 = Release|Any CPU
		{BB591997-324B-4D24-9032-8B6DDA4F048F}.Debug|Any CPU.ActiveCfg = Debug|Any CPU
		{BB591997-324B-4D24-9032-8B6DDA4F048F}.Debug|Any CPU.Build.0 = Debug|Any CPU
		{BB591997-324B-4D24-9032-8B6DDA4F048F}.Release|Any CPU.ActiveCfg = Release|Any CPU
		{BB591997-324B-4D24-9032-8B6DDA4F048F}.Release|Any CPU.Build.0 = Release|Any CPU
	EndGlobalSection
	GlobalSection(SolutionProperties) = preSolution
		HideSolutionNode = FALSE
	EndGlobalSection
EndGlobal
