
Microsoft Visual Studio Solution File, Format Version 12.00
# Visual Studio 14
VisualStudioVersion = 14.0.25420.1
MinimumVisualStudioVersion = 10.0.40219.1
Project("{F2A71F9B-5D33-465A-A702-920D77279786}") = "task 3", "task 3\task 3.fsproj", "{EA442645-9BED-4712-B534-C857A42E0AFF}"
EndProject
Global
	GlobalSection(SolutionConfigurationPlatforms) = preSolution
		Debug|Any CPU = Debug|Any CPU
		Release|Any CPU = Release|Any CPU
	EndGlobalSection
	GlobalSection(ProjectConfigurationPlatforms) = postSolution
		{EA442645-9BED-4712-B534-C857A42E0AFF}.Debug|Any CPU.ActiveCfg = Debug|Any CPU
		{EA442645-9BED-4712-B534-C857A42E0AFF}.Debug|Any CPU.Build.0 = Debug|Any CPU
		{EA442645-9BED-4712-B534-C857A42E0AFF}.Release|Any CPU.ActiveCfg = Release|Any CPU
		{EA442645-9BED-4712-B534-C857A42E0AFF}.Release|Any CPU.Build.0 = Release|Any CPU
	EndGlobalSection
	GlobalSection(SolutionProperties) = preSolution
		HideSolutionNode = FALSE
	EndGlobalSection
EndGlobal
